
Microsoft Visual Studio Solution File, Format Version 12.00
# Visual Studio Version 17
VisualStudioVersion = 17.9.34723.18
MinimumVisualStudioVersion = 10.0.40219.1
Project("{9A19103F-16F7-4668-BE54-9A1E7A4F7556}") = "ApplicationService.App", "ApplicationService.App\ApplicationService.App.csproj", "{94D3A9D7-1CB4-4E58-B51C-AAD100B76621}"
EndProject
Global
	GlobalSection(SolutionConfigurationPlatforms) = preSolution
		Debug|Any CPU = Debug|Any CPU
		Release|Any CPU = Release|Any CPU
	EndGlobalSection
	GlobalSection(ProjectConfigurationPlatforms) = postSolution
		{94D3A9D7-1CB4-4E58-B51C-AAD100B76621}.Debug|Any CPU.ActiveCfg = Debug|Any CPU
		{94D3A9D7-1CB4-4E58-B51C-AAD100B76621}.Debug|Any CPU.Build.0 = Debug|Any CPU
		{94D3A9D7-1CB4-4E58-B51C-AAD100B76621}.Release|Any CPU.ActiveCfg = Release|Any CPU
		{94D3A9D7-1CB4-4E58-B51C-AAD100B76621}.Release|Any CPU.Build.0 = Release|Any CPU
	EndGlobalSection
	GlobalSection(SolutionProperties) = preSolution
		HideSolutionNode = FALSE
	EndGlobalSection
	GlobalSection(ExtensibilityGlobals) = postSolution
		SolutionGuid = {61861D44-0BA1-4CDF-B768-E2FF75A08D19}
	EndGlobalSection
EndGlobal
